
Microsoft Visual Studio Solution File, Format Version 12.00
# Visual Studio Version 17
VisualStudioVersion = 17.1.32210.238
MinimumVisualStudioVersion = 10.0.40219.1
Project("{FAE04EC0-301F-11D3-BF4B-00C04F79EFBC}") = "Auth API", "Auth API\Auth API.csproj", "{E40C4686-EADA-4AEF-B56C-B0088E0D397E}"
EndProject
Global
	GlobalSection(SolutionConfigurationPlatforms) = preSolution
		Debug|Any CPU = Debug|Any CPU
		Release|Any CPU = Release|Any CPU
	EndGlobalSection
	GlobalSection(ProjectConfigurationPlatforms) = postSolution
		{E40C4686-EADA-4AEF-B56C-B0088E0D397E}.Debug|Any CPU.ActiveCfg = Debug|Any CPU
		{E40C4686-EADA-4AEF-B56C-B0088E0D397E}.Debug|Any CPU.Build.0 = Debug|Any CPU
		{E40C4686-EADA-4AEF-B56C-B0088E0D397E}.Release|Any CPU.ActiveCfg = Release|Any CPU
		{E40C4686-EADA-4AEF-B56C-B0088E0D397E}.Release|Any CPU.Build.0 = Release|Any CPU
	EndGlobalSection
	GlobalSection(SolutionProperties) = preSolution
		HideSolutionNode = FALSE
	EndGlobalSection
	GlobalSection(ExtensibilityGlobals) = postSolution
		SolutionGuid = {CF57FA5A-23D4-450D-A247-6752DC242902}
	EndGlobalSection
EndGlobal
